
Microsoft Visual Studio Solution File, Format Version 12.00
# Visual Studio 14
VisualStudioVersion = 14.0.25420.1
MinimumVisualStudioVersion = 10.0.40219.1
Project("{FAE04EC0-301F-11D3-BF4B-00C04F79EFBC}") = "Quiron.LojaVirtual.Dominio", "Quiron.LojaVirtual.Dominio\Quiron.LojaVirtual.Dominio.csproj", "{F34A0BB2-ECA4-4158-B018-8562DDD26B6A}"
EndProject
Project("{FAE04EC0-301F-11D3-BF4B-00C04F79EFBC}") = "Quiron.LojaVirtual.Web", "Quiron.LojaVirtual.Web\Quiron.LojaVirtual.Web.csproj", "{CAC2F496-36D6-486A-A6CB-99AE11506EFC}"
EndProject
Project("{FAE04EC0-301F-11D3-BF4B-00C04F79EFBC}") = "Quiron.LojaVirtual.Test", "Quiron.LojaVirtual.Test\Quiron.LojaVirtual.Test.csproj", "{2BFFF58F-4B5D-4092-8B7F-C55BB3AB1F8C}"
EndProject
Project("{FAE04EC0-301F-11D3-BF4B-00C04F79EFBC}") = "Quiron.LojaVirtual.Web.V2", "Quiron.LojaVirtual.V2\Quiron.LojaVirtual.Web.V2.csproj", "{6081F818-51E9-43FB-A4CA-6DC40A29B74B}"
EndProject
Global
	GlobalSection(SolutionConfigurationPlatforms) = preSolution
		Debug|Any CPU = Debug|Any CPU
		Release|Any CPU = Release|Any CPU
	EndGlobalSection
	GlobalSection(ProjectConfigurationPlatforms) = postSolution
		{F34A0BB2-ECA4-4158-B018-8562DDD26B6A}.Debug|Any CPU.ActiveCfg = Debug|Any CPU
		{F34A0BB2-ECA4-4158-B018-8562DDD26B6A}.Debug|Any CPU.Build.0 = Debug|Any CPU
		{F34A0BB2-ECA4-4158-B018-8562DDD26B6A}.Release|Any CPU.ActiveCfg = Release|Any CPU
		{F34A0BB2-ECA4-4158-B018-8562DDD26B6A}.Release|Any CPU.Build.0 = Release|Any CPU
		{CAC2F496-36D6-486A-A6CB-99AE11506EFC}.Debug|Any CPU.ActiveCfg = Debug|Any CPU
		{CAC2F496-36D6-486A-A6CB-99AE11506EFC}.Debug|Any CPU.Build.0 = Debug|Any CPU
		{CAC2F496-36D6-486A-A6CB-99AE11506EFC}.Release|Any CPU.ActiveCfg = Release|Any CPU
		{CAC2F496-36D6-486A-A6CB-99AE11506EFC}.Release|Any CPU.Build.0 = Release|Any CPU
		{2BFFF58F-4B5D-4092-8B7F-C55BB3AB1F8C}.Debug|Any CPU.ActiveCfg = Debug|Any CPU
		{2BFFF58F-4B5D-4092-8B7F-C55BB3AB1F8C}.Debug|Any CPU.Build.0 = Debug|Any CPU
		{2BFFF58F-4B5D-4092-8B7F-C55BB3AB1F8C}.Release|Any CPU.ActiveCfg = Release|Any CPU
		{2BFFF58F-4B5D-4092-8B7F-C55BB3AB1F8C}.Release|Any CPU.Build.0 = Release|Any CPU
		{6081F818-51E9-43FB-A4CA-6DC40A29B74B}.Debug|Any CPU.ActiveCfg = Debug|Any CPU
		{6081F818-51E9-43FB-A4CA-6DC40A29B74B}.Debug|Any CPU.Build.0 = Debug|Any CPU
		{6081F818-51E9-43FB-A4CA-6DC40A29B74B}.Release|Any CPU.ActiveCfg = Release|Any CPU
		{6081F818-51E9-43FB-A4CA-6DC40A29B74B}.Release|Any CPU.Build.0 = Release|Any CPU
	EndGlobalSection
	GlobalSection(SolutionProperties) = preSolution
		HideSolutionNode = FALSE
	EndGlobalSection
EndGlobal
